<?xml version="1.0" encoding="utf-8"?>
<Project ToolsVersion="4.0" xmlns="http://schemas.microsoft.com/developer/msbuild/2003">
  <ItemGroup>
    <ClInclude Include="..\.string-decl.hpp" />
    <ClInclude Include="..\_feats.hpp" />
    <ClInclude Include="..\_intrinsics.hpp" />
    <ClInclude Include="..\_std.hpp" />
    <ClInclude Include="..\algorithm.hpp" />
    <ClInclude Include="..\allocator.hpp" />
    <ClInclude Include="..\array.hpp" />
    <ClInclude Include="..\atomic.hpp" />
    <ClInclude Include="..\chrono.hpp" />
    <ClInclude Include="..\cstddef.hpp" />
    <ClInclude Include="..\cstring.hpp" />
    <ClInclude Include="..\exception.hpp" />
    <ClInclude Include="..\functional.hpp" />
    <ClInclude Include="..\ios.hpp" />
    <ClInclude Include="..\iterator.hpp" />
    <ClInclude Include="..\memory.hpp" />
    <ClInclude Include="..\new.hpp" />
    <ClInclude Include="..\ostream.hpp" />
    <ClInclude Include="..\set.hpp" />
    <ClInclude Include="..\std.hpp" />
    <ClInclude Include="..\stdexcept.hpp" />
    <ClInclude Include="..\string.hpp" />
    <ClInclude Include="..\system_error.hpp" />
    <ClInclude Include="..\tuple.hpp" />
    <ClInclude Include="..\type_traits.hpp" />
    <ClInclude Include="..\vector.hpp" />
  </ItemGroup>
  <ItemGroup>
    <Text Include="..\CMakeLists.txt" />
  </ItemGroup>
  <ItemGroup>
    <ClCompile Include="..\cstring.cpp" />
    <ClCompile Include="..\stdexcept.cpp" />
    <ClCompile Include="..\string.cpp" />
    <ClCompile Include="..\tuple.cpp" />
  </ItemGroup>
  <ItemGroup>
    <None Include="..\Makefile" />
  </ItemGroup>
  <ItemGroup>
    <Filter Include="impl">
      <UniqueIdentifier>{517ac4f1-7903-4984-84b5-17abcbae459e}</UniqueIdentifier>
    </Filter>
  </ItemGroup>
</Project>